
Microsoft Visual Studio Solution File, Format Version 12.00
# Visual Studio Version 17
VisualStudioVersion = 17.11.35327.3
MinimumVisualStudioVersion = 10.0.40219.1
Project("{FAE04EC0-301F-11D3-BF4B-00C04F79EFBC}") = "FirmaProje", "yazilim271001\FirmaProje.csproj", "{54A9E41B-5EBC-4B2F-A0E5-AB9AF32AAD4A}"
EndProject
Global
	GlobalSection(SolutionConfigurationPlatforms) = preSolution
		Debug|Any CPU = Debug|Any CPU
		Release|Any CPU = Release|Any CPU
	EndGlobalSection
	GlobalSection(ProjectConfigurationPlatforms) = postSolution
		{54A9E41B-5EBC-4B2F-A0E5-AB9AF32AAD4A}.Debug|Any CPU.ActiveCfg = Debug|Any CPU
		{54A9E41B-5EBC-4B2F-A0E5-AB9AF32AAD4A}.Debug|Any CPU.Build.0 = Debug|Any CPU
		{54A9E41B-5EBC-4B2F-A0E5-AB9AF32AAD4A}.Release|Any CPU.ActiveCfg = Release|Any CPU
		{54A9E41B-5EBC-4B2F-A0E5-AB9AF32AAD4A}.Release|Any CPU.Build.0 = Release|Any CPU
	EndGlobalSection
	GlobalSection(SolutionProperties) = preSolution
		HideSolutionNode = FALSE
	EndGlobalSection
	GlobalSection(ExtensibilityGlobals) = postSolution
		SolutionGuid = {AF5F12E3-3552-4F5F-9EB8-5DA5BC72B81F}
	EndGlobalSection
EndGlobal
